
Microsoft Visual Studio Solution File, Format Version 12.00
# Visual Studio Version 17
VisualStudioVersion = 17.10.35027.167
MinimumVisualStudioVersion = 10.0.40219.1
Project("{9A19103F-16F7-4668-BE54-9A1E7A4F7556}") = "NZWalks.API", "NZWalks.API\NZWalks.API.csproj", "{89091344-B98C-413F-B925-B8ECB85EE5A9}"
EndProject
Project("{FAE04EC0-301F-11D3-BF4B-00C04F79EFBC}") = "NZWalks.UI", "NZWalks.UI\NZWalks.UI.csproj", "{8CF0284D-049E-4DAD-AEA3-E7BD12A38648}"
EndProject
Global
	GlobalSection(SolutionConfigurationPlatforms) = preSolution
		Debug|Any CPU = Debug|Any CPU
		Release|Any CPU = Release|Any CPU
	EndGlobalSection
	GlobalSection(ProjectConfigurationPlatforms) = postSolution
		{89091344-B98C-413F-B925-B8ECB85EE5A9}.Debug|Any CPU.ActiveCfg = Debug|Any CPU
		{89091344-B98C-413F-B925-B8ECB85EE5A9}.Debug|Any CPU.Build.0 = Debug|Any CPU
		{89091344-B98C-413F-B925-B8ECB85EE5A9}.Release|Any CPU.ActiveCfg = Release|Any CPU
		{89091344-B98C-413F-B925-B8ECB85EE5A9}.Release|Any CPU.Build.0 = Release|Any CPU
		{8CF0284D-049E-4DAD-AEA3-E7BD12A38648}.Debug|Any CPU.ActiveCfg = Debug|Any CPU
		{8CF0284D-049E-4DAD-AEA3-E7BD12A38648}.Debug|Any CPU.Build.0 = Debug|Any CPU
		{8CF0284D-049E-4DAD-AEA3-E7BD12A38648}.Release|Any CPU.ActiveCfg = Release|Any CPU
		{8CF0284D-049E-4DAD-AEA3-E7BD12A38648}.Release|Any CPU.Build.0 = Release|Any CPU
	EndGlobalSection
	GlobalSection(SolutionProperties) = preSolution
		HideSolutionNode = FALSE
	EndGlobalSection
	GlobalSection(ExtensibilityGlobals) = postSolution
		SolutionGuid = {B3452E91-477F-400D-A3F2-640216E01F0F}
	EndGlobalSection
EndGlobal
